
Microsoft Visual Studio Solution File, Format Version 12.00
# Visual Studio Version 17
VisualStudioVersion = 17.4.33213.308
MinimumVisualStudioVersion = 10.0.40219.1
Project("{FAE04EC0-301F-11D3-BF4B-00C04F79EFBC}") = "APICatalogo", "APICatalogo\APICatalogo.csproj", "{78781D02-4ABA-4D23-997C-7BF82FDE5007}"
EndProject
Global
	GlobalSection(SolutionConfigurationPlatforms) = preSolution
		Debug|Any CPU = Debug|Any CPU
		Release|Any CPU = Release|Any CPU
	EndGlobalSection
	GlobalSection(ProjectConfigurationPlatforms) = postSolution
		{78781D02-4ABA-4D23-997C-7BF82FDE5007}.Debug|Any CPU.ActiveCfg = Debug|Any CPU
		{78781D02-4ABA-4D23-997C-7BF82FDE5007}.Debug|Any CPU.Build.0 = Debug|Any CPU
		{78781D02-4ABA-4D23-997C-7BF82FDE5007}.Release|Any CPU.ActiveCfg = Release|Any CPU
		{78781D02-4ABA-4D23-997C-7BF82FDE5007}.Release|Any CPU.Build.0 = Release|Any CPU
	EndGlobalSection
	GlobalSection(SolutionProperties) = preSolution
		HideSolutionNode = FALSE
	EndGlobalSection
	GlobalSection(ExtensibilityGlobals) = postSolution
		SolutionGuid = {FA684D08-9E85-4223-86E2-667D27ED5900}
	EndGlobalSection
EndGlobal
